// !$*UTF8*$!
{
	archiveVersion = 1;
	classes = {
	};
	objectVersion = 48;
	objects = {

/* Begin PBXBuildFile section */
		F52D6F0720726DF300DF708F /* AppDelegate.swift in Sources */ = {isa = PBXBuildFile; fileRef = F52D6F0620726DF300DF708F /* AppDelegate.swift */; };
		F52D6F0920726DF300DF708F /* ViewController.swift in Sources */ = {isa = PBXBuildFile; fileRef = F52D6F0820726DF300DF708F /* ViewController.swift */; };
		F52D6F0C20726DF300DF708F /* Main.storyboard in Resources */ = {isa = PBXBuildFile; fileRef = F52D6F0A20726DF300DF708F /* Main.storyboard */; };
		F52D6F0E20726DF300DF708F /* Assets.xcassets in Resources */ = {isa = PBXBuildFile; fileRef = F52D6F0D20726DF300DF708F /* Assets.xcassets */; };
		F52D6F1120726DF300DF708F /* LaunchScreen.storyboard in Resources */ = {isa = PBXBuildFile; fileRef = F52D6F0F20726DF300DF708F /* LaunchScreen.storyboard */; };
		F52D6F1C20726DF300DF708F /* PageTheScrollTests.swift in Sources */ = {isa = PBXBuildFile; fileRef = F52D6F1B20726DF300DF708F /* PageTheScrollTests.swift */; };
		F52D6F2720726DF300DF708F /* PageTheScrollUITests.swift in Sources */ = {isa = PBXBuildFile; fileRef = F52D6F2620726DF300DF708F /* PageTheScrollUITests.swift */; };
/* End PBXBuildFile section */

/* Begin PBXContainerItemProxy section */
		F52D6F1820726DF300DF708F /* PBXContainerItemProxy */ = {
			isa = PBXContainerItemProxy;
			containerPortal = F52D6EFB20726DF200DF708F /* Project object */;
			proxyType = 1;
			remoteGlobalIDString = F52D6F0220726DF300DF708F;
			remoteInfo = PageTheScroll;
		};
		F52D6F2320726DF300DF708F /* PBXContainerItemProxy */ = {
			isa = PBXContainerItemProxy;
			containerPortal = F52D6EFB20726DF200DF708F /* Project object */;
			proxyType = 1;
			remoteGlobalIDString = F52D6F0220726DF300DF708F;
			remoteInfo = PageTheScroll;
		};
/* End PBXContainerItemProxy section */

/* Begin PBXFileReference section */
		F52D6F0320726DF300DF708F /* PageTheScroll.app */ = {isa = PBXFileReference; explicitFileType = wrapper.application; includeInIndex = 0; path = PageTheScroll.app; sourceTree = BUILT_PRODUCTS_DIR; };
		F52D6F0620726DF300DF708F /* AppDelegate.swift */ = {isa = PBXFileReference; lastKnownFileType = sourcecode.swift; path = AppDelegate.swift; sourceTree = "<group>"; };
		F52D6F0820726DF300DF708F /* ViewController.swift */ = {isa = PBXFileReference; lastKnownFileType = sourcecode.swift; path = ViewController.swift; sourceTree = "<group>"; };
		F52D6F0B20726DF300DF708F /* Base */ = {isa = PBXFileReference; lastKnownFileType = file.storyboard; name = Base; path = Base.lproj/Main.storyboard; sourceTree = "<group>"; };
		F52D6F0D20726DF300DF708F /* Assets.xcassets */ = {isa = PBXFileReference; lastKnownFileType = folder.assetcatalog; path = Assets.xcassets; sourceTree = "<group>"; };
		F52D6F1020726DF300DF708F /* Base */ = {isa = PBXFileReference; lastKnownFileType = file.storyboard; name = Base; path = Base.lproj/LaunchScreen.storyboard; sourceTree = "<group>"; };
		F52D6F1220726DF300DF708F /* Info.plist */ = {isa = PBXFileReference; lastKnownFileType = text.plist.xml; path = Info.plist; sourceTree = "<group>"; };
		F52D6F1720726DF300DF708F /* PageTheScrollTests.xctest */ = {isa = PBXFileReference; explicitFileType = wrapper.cfbundle; includeInIndex = 0; path = PageTheScrollTests.xctest; sourceTree = BUILT_PRODUCTS_DIR; };
		F52D6F1B20726DF300DF708F /* PageTheScrollTests.swift */ = {isa = PBXFileReference; lastKnownFileType = sourcecode.swift; path = PageTheScrollTests.swift; sourceTree = "<group>"; };
		F52D6F1D20726DF300DF708F /* Info.plist */ = {isa = PBXFileReference; lastKnownFileType = text.plist.xml; path = Info.plist; sourceTree = "<group>"; };
		F52D6F2220726DF300DF708F /* PageTheScrollUITests.xctest */ = {isa = PBXFileReference; explicitFileType = wrapper.cfbundle; includeInIndex = 0; path = PageTheScrollUITests.xctest; sourceTree = BUILT_PRODUCTS_DIR; };
		F52D6F2620726DF300DF708F /* PageTheScrollUITests.swift */ = {isa = PBXFileReference; lastKnownFileType = sourcecode.swift; path = PageTheScrollUITests.swift; sourceTree = "<group>"; };
		F52D6F2820726DF300DF708F /* Info.plist */ = {isa = PBXFileReference; lastKnownFileType = text.plist.xml; path = Info.plist; sourceTree = "<group>"; };
/* End PBXFileReference section */

/* Begin PBXFrameworksBuildPhase section */
		F52D6F0020726DF300DF708F /* Frameworks */ = {
			isa = PBXFrameworksBuildPhase;
			buildActionMask = 2147483647;
			files = (
			);
			runOnlyForDeploymentPostprocessing = 0;
		};
		F52D6F1420726DF300DF708F /* Frameworks */ = {
			isa = PBXFrameworksBuildPhase;
			buildActionMask = 2147483647;
			files = (
			);
			runOnlyForDeploymentPostprocessing = 0;
		};
		F52D6F1F20726DF300DF708F /* Frameworks */ = {
			isa = PBXFrameworksBuildPhase;
			buildActionMask = 2147483647;
			files = (
			);
			runOnlyForDeploymentPostprocessing = 0;
		};
/* End PBXFrameworksBuildPhase section */

/* Begin PBXGroup section */
		F52D6EFA20726DF200DF708F = {
			isa = PBXGroup;
			children = (
				F52D6F0520726DF300DF708F /* PageTheScroll */,
				F52D6F1A20726DF300DF708F /* PageTheScrollTests */,
				F52D6F2520726DF300DF708F /* PageTheScrollUITests */,
				F52D6F0420726DF300DF708F /* Products */,
			);
			sourceTree = "<group>";
		};
		F52D6F0420726DF300DF708F /* Products */ = {
			isa = PBXGroup;
			children = (
				F52D6F0320726DF300DF708F /* PageTheScroll.app */,
				F52D6F1720726DF300DF708F /* PageTheScrollTests.xctest */,
				F52D6F2220726DF300DF708F /* PageTheScrollUITests.xctest */,
			);
			name = Products;
			sourceTree = "<group>";
		};
		F52D6F0520726DF300DF708F /* PageTheScroll */ = {
			isa = PBXGroup;
			children = (
				F52D6F0620726DF300DF708F /* AppDelegate.swift */,
				F52D6F0820726DF300DF708F /* ViewController.swift */,
				F52D6F0A20726DF300DF708F /* Main.storyboard */,
				F52D6F0D20726DF300DF708F /* Assets.xcassets */,
				F52D6F0F20726DF300DF708F /* LaunchScreen.storyboard */,
				F52D6F1220726DF300DF708F /* Info.plist */,
			);
			path = PageTheScroll;
			sourceTree = "<group>";
		};
		F52D6F1A20726DF300DF708F /* PageTheScrollTests */ = {
			isa = PBXGroup;
			children = (
				F52D6F1B20726DF300DF708F /* PageTheScrollTests.swift */,
				F52D6F1D20726DF300DF708F /* Info.plist */,
			);
			path = PageTheScrollTests;
			sourceTree = "<group>";
		};
		F52D6F2520726DF300DF708F /* PageTheScrollUITests */ = {
			isa = PBXGroup;
			children = (
				F52D6F2620726DF300DF708F /* PageTheScrollUITests.swift */,
				F52D6F2820726DF300DF708F /* Info.plist */,
			);
			path = PageTheScrollUITests;
			sourceTree = "<group>";
		};
/* End PBXGroup section */

/* Begin PBXNativeTarget section */
		F52D6F0220726DF300DF708F /* PageTheScroll */ = {
			isa = PBXNativeTarget;
			buildConfigurationList = F52D6F2B20726DF300DF708F /* Build configuration list for PBXNativeTarget "PageTheScroll" */;
			buildPhases = (
				F52D6EFF20726DF300DF708F /* Sources */,
				F52D6F0020726DF300DF708F /* Frameworks */,
				F52D6F0120726DF300DF708F /* Resources */,
			);
			buildRules = (
			);
			dependencies = (
			);
			name = PageTheScroll;
			productName = PageTheScroll;
			productReference = F52D6F0320726DF300DF708F /* PageTheScroll.app */;
			productType = "com.apple.product-type.application";
		};
		F52D6F1620726DF300DF708F /* PageTheScrollTests */ = {
			isa = PBXNativeTarget;
			buildConfigurationList = F52D6F2E20726DF300DF708F /* Build configuration list for PBXNativeTarget "PageTheScrollTests" */;
			buildPhases = (
				F52D6F1320726DF300DF708F /* Sources */,
				F52D6F1420726DF300DF708F /* Frameworks */,
				F52D6F1520726DF300DF708F /* Resources */,
			);
			buildRules = (
			);
			dependencies = (
				F52D6F1920726DF300DF708F /* PBXTargetDependency */,
			);
			name = PageTheScrollTests;
			productName = PageTheScrollTests;
			productReference = F52D6F1720726DF300DF708F /* PageTheScrollTests.xctest */;
			productType = "com.apple.product-type.bundle.unit-test";
		};
		F52D6F2120726DF300DF708F /* PageTheScrollUITests */ = {
			isa = PBXNativeTarget;
			buildConfigurationList = F52D6F3120726DF300DF708F /* Build configuration list for PBXNativeTarget "PageTheScrollUITests" */;
			buildPhases = (
				F52D6F1E20726DF300DF708F /* Sources */,
				F52D6F1F20726DF300DF708F /* Frameworks */,
				F52D6F2020726DF300DF708F /* Resources */,
			);
			buildRules = (
			);
			dependencies = (
				F52D6F2420726DF300DF708F /* PBXTargetDependency */,
			);
			name = PageTheScrollUITests;
			productName = PageTheScrollUITests;
			productReference = F52D6F2220726DF300DF708F /* PageTheScrollUITests.xctest */;
			productType = "com.apple.product-type.bundle.ui-testing";
		};
/* End PBXNativeTarget section */

/* Begin PBXProject section */
		F52D6EFB20726DF200DF708F /* Project object */ = {
			isa = PBXProject;
			attributes = {
				LastSwiftUpdateCheck = 0910;
				LastUpgradeCheck = 0910;
				ORGANIZATIONNAME = viktor.co;
				TargetAttributes = {
					F52D6F0220726DF300DF708F = {
						CreatedOnToolsVersion = 9.1;
						ProvisioningStyle = Automatic;
					};
					F52D6F1620726DF300DF708F = {
						CreatedOnToolsVersion = 9.1;
						ProvisioningStyle = Automatic;
						TestTargetID = F52D6F0220726DF300DF708F;
					};
					F52D6F2120726DF300DF708F = {
						CreatedOnToolsVersion = 9.1;
						ProvisioningStyle = Automatic;
						TestTargetID = F52D6F0220726DF300DF708F;
					};
				};
			};
			buildConfigurationList = F52D6EFE20726DF200DF708F /* Build configuration list for PBXProject "PageTheScroll" */;
			compatibilityVersion = "Xcode 8.0";
			developmentRegion = en;
			hasScannedForEncodings = 0;
			knownRegions = (
				en,
				Base,
			);
			mainGroup = F52D6EFA20726DF200DF708F;
			productRefGroup = F52D6F0420726DF300DF708F /* Products */;
			projectDirPath = "";
			projectRoot = "";
			targets = (
				F52D6F0220726DF300DF708F /* PageTheScroll */,
				F52D6F1620726DF300DF708F /* PageTheScrollTests */,
				F52D6F2120726DF300DF708F /* PageTheScrollUITests */,
			);
		};
/* End PBXProject section */

/* Begin PBXResourcesBuildPhase section */
		F52D6F0120726DF300DF708F /* Resources */ = {
			isa = PBXResourcesBuildPhase;
			buildActionMask = 2147483647;
			files = (
				F52D6F1120726DF300DF708F /* LaunchScreen.storyboard in Resources */,
				F52D6F0E20726DF300DF708F /* Assets.xcassets in Resources */,
				F52D6F0C20726DF300DF708F /* Main.storyboard in Resources */,
			);
			runOnlyForDeploymentPostprocessing = 0;
		};
		F52D6F1520726DF300DF708F /* Resources */ = {
			isa = PBXResourcesBuildPhase;
			buildActionMask = 2147483647;
			files = (
			);
			runOnlyForDeploymentPostprocessing = 0;
		};
		F52D6F2020726DF300DF708F /* Resources */ = {
			isa = PBXResourcesBuildPhase;
			buildActionMask = 2147483647;
			files = (
			);
			runOnlyForDeploymentPostprocessing = 0;
		};
/* End PBXResourcesBuildPhase section */

/* Begin PBXSourcesBuildPhase section */
		F52D6EFF20726DF300DF708F /* Sources */ = {
			isa = PBXSourcesBuildPhase;
			buildActionMask = 2147483647;
			files = (
				F52D6F0920726DF300DF708F /* ViewController.swift in Sources */,
				F52D6F0720726DF300DF708F /* AppDelegate.swift in Sources */,
			);
			runOnlyForDeploymentPostprocessing = 0;
		};
		F52D6F1320726DF300DF708F /* Sources */ = {
			isa = PBXSourcesBuildPhase;
			buildActionMask = 2147483647;
			files = (
				F52D6F1C20726DF300DF708F /* PageTheScrollTests.swift in Sources */,
			);
			runOnlyForDeploymentPostprocessing = 0;
		};
		F52D6F1E20726DF300DF708F /* Sources */ = {
			isa = PBXSourcesBuildPhase;
			buildActionMask = 2147483647;
			files = (
				F52D6F2720726DF300DF708F /* PageTheScrollUITests.swift in Sources */,
			);
			runOnlyForDeploymentPostprocessing = 0;
		};
/* End PBXSourcesBuildPhase section */

/* Begin PBXTargetDependency section */
		F52D6F1920726DF300DF708F /* PBXTargetDependency */ = {
			isa = PBXTargetDependency;
			target = F52D6F0220726DF300DF708F /* PageTheScroll */;
			targetProxy = F52D6F1820726DF300DF708F /* PBXContainerItemProxy */;
		};
		F52D6F2420726DF300DF708F /* PBXTargetDependency */ = {
			isa = PBXTargetDependency;
			target = F52D6F0220726DF300DF708F /* PageTheScroll */;
			targetProxy = F52D6F2320726DF300DF708F /* PBXContainerItemProxy */;
		};
/* End PBXTargetDependency section */

/* Begin PBXVariantGroup section */
		F52D6F0A20726DF300DF708F /* Main.storyboard */ = {
			isa = PBXVariantGroup;
			children = (
				F52D6F0B20726DF300DF708F /* Base */,
			);
			name = Main.storyboard;
			sourceTree = "<group>";
		};
		F52D6F0F20726DF300DF708F /* LaunchScreen.storyboard */ = {
			isa = PBXVariantGroup;
			children = (
				F52D6F1020726DF300DF708F /* Base */,
			);
			name = LaunchScreen.storyboard;
			sourceTree = "<group>";
		};
/* End PBXVariantGroup section */

/* Begin XCBuildConfiguration section */
		F52D6F2920726DF300DF708F /* Debug */ = {
			isa = XCBuildConfiguration;
			buildSettings = {
				ALWAYS_SEARCH_USER_PATHS = NO;
				CLANG_ANALYZER_NONNULL = YES;
				CLANG_ANALYZER_NUMBER_OBJECT_CONVERSION = YES_AGGRESSIVE;
				CLANG_CXX_LANGUAGE_STANDARD = "gnu++14";
				CLANG_CXX_LIBRARY = "libc++";
				CLANG_ENABLE_MODULES = YES;
				CLANG_ENABLE_OBJC_ARC = YES;
				CLANG_WARN_BLOCK_CAPTURE_AUTORELEASING = YES;
				CLANG_WARN_BOOL_CONVERSION = YES;
				CLANG_WARN_COMMA = YES;
				CLANG_WARN_CONSTANT_CONVERSION = YES;
				CLANG_WARN_DIRECT_OBJC_ISA_USAGE = YES_ERROR;
				CLANG_WARN_DOCUMENTATION_COMMENTS = YES;
				CLANG_WARN_EMPTY_BODY = YES;
				CLANG_WARN_ENUM_CONVERSION = YES;
				CLANG_WARN_INFINITE_RECURSION = YES;
				CLANG_WARN_INT_CONVERSION = YES;
				CLANG_WARN_NON_LITERAL_NULL_CONVERSION = YES;
				CLANG_WARN_OBJC_LITERAL_CONVERSION = YES;
				CLANG_WARN_OBJC_ROOT_CLASS = YES_ERROR;
				CLANG_WARN_RANGE_LOOP_ANALYSIS = YES;
				CLANG_WARN_STRICT_PROTOTYPES = YES;
				CLANG_WARN_SUSPICIOUS_MOVE = YES;
				CLANG_WARN_UNGUARDED_AVAILABILITY = YES_AGGRESSIVE;
				CLANG_WARN_UNREACHABLE_CODE = YES;
				CLANG_WARN__DUPLICATE_METHOD_MATCH = YES;
				CODE_SIGN_IDENTITY = "iPhone Developer";
				COPY_PHASE_STRIP = NO;
				DEBUG_INFORMATION_FORMAT = dwarf;
				ENABLE_STRICT_OBJC_MSGSEND = YES;
				ENABLE_TESTABILITY = YES;
				GCC_C_LANGUAGE_STANDARD = gnu11;
				GCC_DYNAMIC_NO_PIC = NO;
				GCC_NO_COMMON_BLOCKS = YES;
				GCC_OPTIMIZATION_LEVEL = 0;
				GCC_PREPROCESSOR_DEFINITIONS = (
					"DEBUG=1",
					"$(inherited)",
				);
				GCC_WARN_64_TO_32_BIT_CONVERSION = YES;
				GCC_WARN_ABOUT_RETURN_TYPE = YES_ERROR;
				GCC_WARN_UNDECLARED_SELECTOR = YES;
				GCC_WARN_UNINITIALIZED_AUTOS = YES_AGGRESSIVE;
				GCC_WARN_UNUSED_FUNCTION = YES;
				GCC_WARN_UNUSED_VARIABLE = YES;
				IPHONEOS_DEPLOYMENT_TARGET = 11.1;
				MTL_ENABLE_DEBUG_INFO = YES;
				ONLY_ACTIVE_ARCH = YES;
				SDKROOT = iphoneos;
				SWIFT_ACTIVE_COMPILATION_CONDITIONS = DEBUG;
				SWIFT_OPTIMIZATION_LEVEL = "-Onone";
			};
			name = Debug;
		};
		F52D6F2A20726DF300DF708F /* Release */ = {
			isa = XCBuildConfiguration;
			buildSettings = {
				ALWAYS_SEARCH_USER_PATHS = NO;
				CLANG_ANALYZER_NONNULL = YES;
				CLANG_ANALYZER_NUMBER_OBJECT_CONVERSION = YES_AGGRESSIVE;
				CLANG_CXX_LANGUAGE_STANDARD = "gnu++14";
				CLANG_CXX_LIBRARY = "libc++";
				CLANG_ENABLE_MODULES = YES;
				CLANG_ENABLE_OBJC_ARC = YES;
				CLANG_WARN_BLOCK_CAPTURE_AUTORELEASING = YES;
				CLANG_WARN_BOOL_CONVERSION = YES;
				CLANG_WARN_COMMA = YES;
				CLANG_WARN_CONSTANT_CONVERSION = YES;
				CLANG_WARN_DIRECT_OBJC_ISA_USAGE = YES_ERROR;
				CLANG_WARN_DOCUMENTATION_COMMENTS = YES;
				CLANG_WARN_EMPTY_BODY = YES;
				CLANG_WARN_ENUM_CONVERSION = YES;
				CLANG_WARN_INFINITE_RECURSION = YES;
				CLANG_WARN_INT_CONVERSION = YES;
				CLANG_WARN_NON_LITERAL_NULL_CONVERSION = YES;
				CLANG_WARN_OBJC_LITERAL_CONVERSION = YES;
				CLANG_WARN_OBJC_ROOT_CLASS = YES_ERROR;
				CLANG_WARN_RANGE_LOOP_ANALYSIS = YES;
				CLANG_WARN_STRICT_PROTOTYPES = YES;
				CLANG_WARN_SUSPICIOUS_MOVE = YES;
				CLANG_WARN_UNGUARDED_AVAILABILITY = YES_AGGRESSIVE;
				CLANG_WARN_UNREACHABLE_CODE = YES;
				CLANG_WARN__DUPLICATE_METHOD_MATCH = YES;
				CODE_SIGN_IDENTITY = "iPhone Developer";
				COPY_PHASE_STRIP = NO;
				DEBUG_INFORMATION_FORMAT = "dwarf-with-dsym";
				ENABLE_NS_ASSERTIONS = NO;
				ENABLE_STRICT_OBJC_MSGSEND = YES;
				GCC_C_LANGUAGE_STANDARD = gnu11;
				GCC_NO_COMMON_BLOCKS = YES;
				GCC_WARN_64_TO_32_BIT_CONVERSION = YES;
				GCC_WARN_ABOUT_RETURN_TYPE = YES_ERROR;
				GCC_WARN_UNDECLARED_SELECTOR = YES;
				GCC_WARN_UNINITIALIZED_AUTOS = YES_AGGRESSIVE;
				GCC_WARN_UNUSED_FUNCTION = YES;
				GCC_WARN_UNUSED_VARIABLE = YES;
				IPHONEOS_DEPLOYMENT_TARGET = 11.1;
				MTL_ENABLE_DEBUG_INFO = NO;
				SDKROOT = iphoneos;
				SWIFT_OPTIMIZATION_LEVEL = "-Owholemodule";
				VALIDATE_PRODUCT = YES;
			};
			name = Release;
		};
		F52D6F2C20726DF300DF708F /* Debug */ = {
			isa = XCBuildConfiguration;
			buildSettings = {
				ASSETCATALOG_COMPILER_APPICON_NAME = AppIcon;
				CODE_SIGN_STYLE = Automatic;
				INFOPLIST_FILE = PageTheScroll/Info.plist;
				LD_RUNPATH_SEARCH_PATHS = "$(inherited) @executable_path/Frameworks";
				PRODUCT_BUNDLE_IDENTIFIER = viktor.co.PageTheScroll;
				PRODUCT_NAME = "$(TARGET_NAME)";
				SWIFT_VERSION = 4.0;
				TARGETED_DEVICE_FAMILY = "1,2";
			};
			name = Debug;
		};
		F52D6F2D20726DF300DF708F /* Release */ = {
			isa = XCBuildConfiguration;
			buildSettings = {
				ASSETCATALOG_COMPILER_APPICON_NAME = AppIcon;
				CODE_SIGN_STYLE = Automatic;
				INFOPLIST_FILE = PageTheScroll/Info.plist;
				LD_RUNPATH_SEARCH_PATHS = "$(inherited) @executable_path/Frameworks";
				PRODUCT_BUNDLE_IDENTIFIER = viktor.co.PageTheScroll;
				PRODUCT_NAME = "$(TARGET_NAME)";
				SWIFT_VERSION = 4.0;
				TARGETED_DEVICE_FAMILY = "1,2";
			};
			name = Release;
		};
		F52D6F2F20726DF300DF708F /* Debug */ = {
			isa = XCBuildConfiguration;
			buildSettings = {
				ALWAYS_EMBED_SWIFT_STANDARD_LIBRARIES = YES;
				BUNDLE_LOADER = "$(TEST_HOST)";
				CODE_SIGN_STYLE = Automatic;
				INFOPLIST_FILE = PageTheScrollTests/Info.plist;
				LD_RUNPATH_SEARCH_PATHS = "$(inherited) @executable_path/Frameworks @loader_path/Frameworks";
				PRODUCT_BUNDLE_IDENTIFIER = viktor.co.PageTheScrollTests;
				PRODUCT_NAME = "$(TARGET_NAME)";
				SWIFT_VERSION = 4.0;
				TARGETED_DEVICE_FAMILY = "1,2";
				TEST_HOST = "$(BUILT_PRODUCTS_DIR)/PageTheScroll.app/PageTheScroll";
			};
			name = Debug;
		};
		F52D6F3020726DF300DF708F /* Release */ = {
			isa = XCBuildConfiguration;
			buildSettings = {
				ALWAYS_EMBED_SWIFT_STANDARD_LIBRARIES = YES;
				BUNDLE_LOADER = "$(TEST_HOST)";
				CODE_SIGN_STYLE = Automatic;
				INFOPLIST_FILE = PageTheScrollTests/Info.plist;
				LD_RUNPATH_SEARCH_PATHS = "$(inherited) @executable_path/Frameworks @loader_path/Frameworks";
				PRODUCT_BUNDLE_IDENTIFIER = viktor.co.PageTheScrollTests;
				PRODUCT_NAME = "$(TARGET_NAME)";
				SWIFT_VERSION = 4.0;
				TARGETED_DEVICE_FAMILY = "1,2";
				TEST_HOST = "$(BUILT_PRODUCTS_DIR)/PageTheScroll.app/PageTheScroll";
			};
			name = Release;
		};
		F52D6F3220726DF300DF708F /* Debug */ = {
			isa = XCBuildConfiguration;
			buildSettings = {
				ALWAYS_EMBED_SWIFT_STANDARD_LIBRARIES = YES;
				CODE_SIGN_STYLE = Automatic;
				INFOPLIST_FILE = PageTheScrollUITests/Info.plist;
				LD_RUNPATH_SEARCH_PATHS = "$(inherited) @executable_path/Frameworks @loader_path/Frameworks";
				PRODUCT_BUNDLE_IDENTIFIER = viktor.co.PageTheScrollUITests;
				PRODUCT_NAME = "$(TARGET_NAME)";
				SWIFT_VERSION = 4.0;
				TARGETED_DEVICE_FAMILY = "1,2";
				TEST_TARGET_NAME = PageTheScroll;
			};
			name = Debug;
		};
		F52D6F3320726DF300DF708F /* Release */ = {
			isa = XCBuildConfiguration;
			buildSettings = {
				ALWAYS_EMBED_SWIFT_STANDARD_LIBRARIES = YES;
				CODE_SIGN_STYLE = Automatic;
				INFOPLIST_FILE = PageTheScrollUITests/Info.plist;
				LD_RUNPATH_SEARCH_PATHS = "$(inherited) @executable_path/Frameworks @loader_path/Frameworks";
				PRODUCT_BUNDLE_IDENTIFIER = viktor.co.PageTheScrollUITests;
				PRODUCT_NAME = "$(TARGET_NAME)";
				SWIFT_VERSION = 4.0;
				TARGETED_DEVICE_FAMILY = "1,2";
				TEST_TARGET_NAME = PageTheScroll;
			};
			name = Release;
		};
/* End XCBuildConfiguration section */

/* Begin XCConfigurationList section */
		F52D6EFE20726DF200DF708F /* Build configuration list for PBXProject "PageTheScroll" */ = {
			isa = XCConfigurationList;
			buildConfigurations = (
				F52D6F2920726DF300DF708F /* Debug */,
				F52D6F2A20726DF300DF708F /* Release */,
			);
			defaultConfigurationIsVisible = 0;
			defaultConfigurationName = Release;
		};
		F52D6F2B20726DF300DF708F /* Build configuration list for PBXNativeTarget "PageTheScroll" */ = {
			isa = XCConfigurationList;
			buildConfigurations = (
				F52D6F2C20726DF300DF708F /* Debug */,
				F52D6F2D20726DF300DF708F /* Release */,
			);
			defaultConfigurationIsVisible = 0;
			defaultConfigurationName = Release;
		};
		F52D6F2E20726DF300DF708F /* Build configuration list for PBXNativeTarget "PageTheScrollTests" */ = {
			isa = XCConfigurationList;
			buildConfigurations = (
				F52D6F2F20726DF300DF708F /* Debug */,
				F52D6F3020726DF300DF708F /* Release */,
			);
			defaultConfigurationIsVisible = 0;
			defaultConfigurationName = Release;
		};
		F52D6F3120726DF300DF708F /* Build configuration list for PBXNativeTarget "PageTheScrollUITests" */ = {
			isa = XCConfigurationList;
			buildConfigurations = (
				F52D6F3220726DF300DF708F /* Debug */,
				F52D6F3320726DF300DF708F /* Release */,
			);
			defaultConfigurationIsVisible = 0;
			defaultConfigurationName = Release;
		};
/* End XCConfigurationList section */
	};
	rootObject = F52D6EFB20726DF200DF708F /* Project object */;
}
